
Microsoft Visual Studio Solution File, Format Version 12.00
# Visual Studio Version 17
VisualStudioVersion = 17.13.35818.85 d17.13
MinimumVisualStudioVersion = 10.0.40219.1
Project("{FAE04EC0-301F-11D3-BF4B-00C04F79EFBC}") = "BarManagementSystem", "BarManagementSystem.csproj", "{ACC2036F-4BDF-4760-932A-C84B0F1681ED}"
EndProject
Global
	GlobalSection(SolutionConfigurationPlatforms) = preSolution
		Debug|Any CPU = Debug|Any CPU
		Release|Any CPU = Release|Any CPU
	EndGlobalSection
	GlobalSection(ProjectConfigurationPlatforms) = postSolution
		{ACC2036F-4BDF-4760-932A-C84B0F1681ED}.Debug|Any CPU.ActiveCfg = Debug|Any CPU
		{ACC2036F-4BDF-4760-932A-C84B0F1681ED}.Debug|Any CPU.Build.0 = Debug|Any CPU
		{ACC2036F-4BDF-4760-932A-C84B0F1681ED}.Release|Any CPU.ActiveCfg = Release|Any CPU
		{ACC2036F-4BDF-4760-932A-C84B0F1681ED}.Release|Any CPU.Build.0 = Release|Any CPU
	EndGlobalSection
	GlobalSection(SolutionProperties) = preSolution
		HideSolutionNode = FALSE
	EndGlobalSection
	GlobalSection(ExtensibilityGlobals) = postSolution
		SolutionGuid = {0D542AC2-1736-4F18-9618-55E617EE49CB}
	EndGlobalSection
EndGlobal
